{
  "name": "111-anarchoschool",
  "lockfileVersion": 2,
  "requires": true,
  "packages": {
    "": {
      "dependencies": {
        "postgraphile-plugin-connection-filter": "^2.3.0"
      }
    },
    "node_modules/postgraphile-plugin-connection-filter": {
      "version": "2.3.0",
      "resolved": "https://registry.npmjs.org/postgraphile-plugin-connection-filter/-/postgraphile-plugin-connection-filter-2.3.0.tgz",
      "integrity": "sha512-TR5bq/NOqqtm4xV3D2Qw+CJo0Hanrx1lqh0KZiU78z8YijcLC0NuT3z0nJyCB842nWbx5Wi6p0S+xmrgzRFNgQ==",
      "dependencies": {
        "tslib": "^2.3.0"
      }
    },
    "node_modules/tslib": {
      "version": "2.4.1",
      "resolved": "https://registry.npmjs.org/tslib/-/tslib-2.4.1.tgz",
      "integrity": "sha512-tGyy4dAjRIEwI7BzsB0lynWgOpfqjUdq91XXAlIWD2OwKBH7oCl/GZG/HT4BOHrTlPMOASlMQ7veyTqpmRcrNA=="
    }
  },
  "dependencies": {
    "postgraphile-plugin-connection-filter": {
      "version": "2.3.0",
      "resolved": "https://registry.npmjs.org/postgraphile-plugin-connection-filter/-/postgraphile-plugin-connection-filter-2.3.0.tgz",
      "integrity": "sha512-TR5bq/NOqqtm4xV3D2Qw+CJo0Hanrx1lqh0KZiU78z8YijcLC0NuT3z0nJyCB842nWbx5Wi6p0S+xmrgzRFNgQ==",
      "requires": {
        "tslib": "^2.3.0"
      }
    },
    "tslib": {
      "version": "2.4.1",
      "resolved": "https://registry.npmjs.org/tslib/-/tslib-2.4.1.tgz",
      "integrity": "sha512-tGyy4dAjRIEwI7BzsB0lynWgOpfqjUdq91XXAlIWD2OwKBH7oCl/GZG/HT4BOHrTlPMOASlMQ7veyTqpmRcrNA=="
    }
  }
}
